
Microsoft Visual Studio Solution File, Format Version 12.00
# Visual Studio Version 16
VisualStudioVersion = 16.0.31019.35
MinimumVisualStudioVersion = 10.0.40219.1
Project("{FAE04EC0-301F-11D3-BF4B-00C04F79EFBC}") = "test_work", "test_work\test_work.csproj", "{98BCD1A5-C05A-4BD1-B772-A7B2A9429697}"
EndProject
Global
	GlobalSection(SolutionConfigurationPlatforms) = preSolution
		Debug|Any CPU = Debug|Any CPU
		Release|Any CPU = Release|Any CPU
	EndGlobalSection
	GlobalSection(ProjectConfigurationPlatforms) = postSolution
		{98BCD1A5-C05A-4BD1-B772-A7B2A9429697}.Debug|Any CPU.ActiveCfg = Debug|Any CPU
		{98BCD1A5-C05A-4BD1-B772-A7B2A9429697}.Debug|Any CPU.Build.0 = Debug|Any CPU
		{98BCD1A5-C05A-4BD1-B772-A7B2A9429697}.Release|Any CPU.ActiveCfg = Release|Any CPU
		{98BCD1A5-C05A-4BD1-B772-A7B2A9429697}.Release|Any CPU.Build.0 = Release|Any CPU
	EndGlobalSection
	GlobalSection(SolutionProperties) = preSolution
		HideSolutionNode = FALSE
	EndGlobalSection
	GlobalSection(ExtensibilityGlobals) = postSolution
		SolutionGuid = {2705385E-17D4-43D3-9786-D22D42A44326}
	EndGlobalSection
EndGlobal
